<?xml version="1.0" encoding="utf-8"?>
<Project ToolsVersion="4.0" xmlns="http://schemas.microsoft.com/developer/msbuild/2003">
  <ItemGroup>
    <Filter Include="Source Files">
      <UniqueIdentifier>{4FC737F1-C7A5-4376-A066-2A32D752A2FF}</UniqueIdentifier>
      <Extensions>cpp;c;cc;cxx;def;odl;idl;hpj;bat;asm;asmx</Extensions>
    </Filter>
    <Filter Include="Header Files">
      <UniqueIdentifier>{93995380-89BD-4b04-88EB-625FBE52EBFB}</UniqueIdentifier>
      <Extensions>h;hh;hpp;hxx;hm;inl;inc;xsd</Extensions>
    </Filter>
    <Filter Include="Resource Files">
      <UniqueIdentifier>{67DA6AB6-F800-4c08-8B7A-83BB121AAD01}</UniqueIdentifier>
      <Extensions>rc;ico;cur;bmp;dlg;rc2;rct;bin;rgs;gif;jpg;jpeg;jpe;resx;tiff;tif;png;wav;mfcribbon-ms</Extensions>
    </Filter>
    <Filter Include="JTA">
      <UniqueIdentifier>{7d95c490-ed14-4fd0-80e5-106a2ce580ba}</UniqueIdentifier>
    </Filter>
    <Filter Include="JTA\Sources">
      <UniqueIdentifier>{fefc6c2d-a782-4082-a6cb-6aaa3294ca8e}</UniqueIdentifier>
    </Filter>
    <Filter Include="JTA\Headers">
      <UniqueIdentifier>{081d874b-b37d-4cd5-b0f3-e9b836b3b4e8}</UniqueIdentifier>
    </Filter>
  </ItemGroup>
  <ItemGroup>
    <ClInclude Include="targetver.h">
      <Filter>Header Files</Filter>
    </ClInclude>
    <ClInclude Include="Log.h">
      <Filter>Header Files</Filter>
    </ClInclude>
    <ClInclude Include="Hooking.h">
      <Filter>Header Files</Filter>
    </ClInclude>
    <ClInclude Include="stdafx.h">
      <Filter>Header Files</Filter>
    </ClInclude>
    <ClInclude Include="natives.h">
      <Filter>Header Files</Filter>
    </ClInclude>
    <ClInclude Include="nativeCaller.h">
      <Filter>Header Files</Filter>
    </ClInclude>
    <ClInclude Include="Memory.h">
      <Filter>Header Files</Filter>
    </ClInclude>
    <ClInclude Include="NativeInvoker.h">
      <Filter>Header Files</Filter>
    </ClInclude>
    <ClInclude Include="CrossMapping.h">
      <Filter>Header Files</Filter>
    </ClInclude>
    <ClInclude Include="InputHook.h">
      <Filter>Header Files</Filter>
    </ClInclude>
    <ClInclude Include="keyboard.h">
      <Filter>Header Files</Filter>
    </ClInclude>
    <ClInclude Include="script.h">
      <Filter>JTA\Headers</Filter>
    </ClInclude>
    <ClInclude Include="entity.h">
      <Filter>JTA\Headers</Filter>
    </ClInclude>
    <ClInclude Include="vehicle.h">
      <Filter>JTA\Headers</Filter>
    </ClInclude>
    <ClInclude Include="Structs.h">
      <Filter>JTA\Headers</Filter>
    </ClInclude>
    <ClInclude Include="ped.h">
      <Filter>JTA\Headers</Filter>
    </ClInclude>
    <ClInclude Include="utils.h">
      <Filter>JTA\Headers</Filter>
    </ClInclude>
    <ClInclude Include="player.h">
      <Filter>JTA\Headers</Filter>
    </ClInclude>
    <ClInclude Include="enums.h">
      <Filter>JTA\Headers</Filter>
    </ClInclude>
    <ClInclude Include="types.h">
      <Filter>JTA\Headers</Filter>
    </ClInclude>
    <ClInclude Include="commands.h">
      <Filter>JTA\Headers</Filter>
    </ClInclude>
    <ClInclude Include="globalnatives.h">
      <Filter>JTA\Headers</Filter>
    </ClInclude>
  </ItemGroup>
  <ItemGroup>
    <ClCompile Include="stdafx.cpp">
      <Filter>Source Files</Filter>
    </ClCompile>
    <ClCompile Include="dllmain.cpp">
      <Filter>Source Files</Filter>
    </ClCompile>
    <ClCompile Include="Log.cpp">
      <Filter>Source Files</Filter>
    </ClCompile>
    <ClCompile Include="Hooking.cpp">
      <Filter>Source Files</Filter>
    </ClCompile>
    <ClCompile Include="Memory.cpp">
      <Filter>Source Files</Filter>
    </ClCompile>
    <ClCompile Include="NativeInvoker.cpp">
      <Filter>Source Files</Filter>
    </ClCompile>
    <ClCompile Include="CrossMapping.cpp">
      <Filter>Source Files</Filter>
    </ClCompile>
    <ClCompile Include="keyboard.cpp">
      <Filter>Source Files</Filter>
    </ClCompile>
    <ClCompile Include="InputHook.cpp">
      <Filter>Source Files</Filter>
    </ClCompile>
    <ClCompile Include="script.cpp">
      <Filter>JTA\Sources</Filter>
    </ClCompile>
    <ClCompile Include="entity.cpp">
      <Filter>JTA\Sources</Filter>
    </ClCompile>
    <ClCompile Include="vehicle.cpp">
      <Filter>JTA\Sources</Filter>
    </ClCompile>
    <ClCompile Include="ped.cpp">
      <Filter>JTA\Sources</Filter>
    </ClCompile>
    <ClCompile Include="utils.cpp">
      <Filter>JTA\Sources</Filter>
    </ClCompile>
    <ClCompile Include="player.cpp">
      <Filter>JTA\Sources</Filter>
    </ClCompile>
    <ClCompile Include="commands.cpp">
      <Filter>JTA\Sources</Filter>
    </ClCompile>
    <ClCompile Include="globalnatives.cpp">
      <Filter>JTA\Sources</Filter>
    </ClCompile>
  </ItemGroup>
</Project>